
Microsoft Visual Studio Solution File, Format Version 12.00
# Visual Studio Version 17
VisualStudioVersion = 17.5.33516.290
MinimumVisualStudioVersion = 10.0.40219.1
Project("{9A19103F-16F7-4668-BE54-9A1E7A4F7556}") = "RavenDbFinalTest", "RavenDbFinalTest.csproj", "{2378F1A9-EF33-40A6-9B0A-DA579A4C47CF}"
EndProject
Global
	GlobalSection(SolutionConfigurationPlatforms) = preSolution
		Debug|Any CPU = Debug|Any CPU
		Release|Any CPU = Release|Any CPU
	EndGlobalSection
	GlobalSection(ProjectConfigurationPlatforms) = postSolution
		{2378F1A9-EF33-40A6-9B0A-DA579A4C47CF}.Debug|Any CPU.ActiveCfg = Debug|Any CPU
		{2378F1A9-EF33-40A6-9B0A-DA579A4C47CF}.Debug|Any CPU.Build.0 = Debug|Any CPU
		{2378F1A9-EF33-40A6-9B0A-DA579A4C47CF}.Release|Any CPU.ActiveCfg = Release|Any CPU
		{2378F1A9-EF33-40A6-9B0A-DA579A4C47CF}.Release|Any CPU.Build.0 = Release|Any CPU
	EndGlobalSection
	GlobalSection(SolutionProperties) = preSolution
		HideSolutionNode = FALSE
	EndGlobalSection
	GlobalSection(ExtensibilityGlobals) = postSolution
		SolutionGuid = {D9EFA1AC-831F-4E9C-8836-EE5F5F0BD85C}
	EndGlobalSection
EndGlobal
